
Microsoft Visual Studio Solution File, Format Version 12.00
# Visual Studio Version 17
VisualStudioVersion = 17.3.32901.215
MinimumVisualStudioVersion = 10.0.40219.1
Project("{9A19103F-16F7-4668-BE54-9A1E7A4F7556}") = "Blazorex", "Blazorex\Blazorex.csproj", "{6A802B2C-969E-4033-A329-AC486E5C9731}"
EndProject
Project("{2150E333-8FDC-42A3-9474-1A3956D46DE8}") = "samples", "samples", "{3408A794-4D16-405A-9F9E-1C2CE4BD8BEB}"
EndProject
Project("{9A19103F-16F7-4668-BE54-9A1E7A4F7556}") = "Blazorex.Samples.DoomFire", "..\samples\Blazorex.Samples.DoomFire\Blazorex.Samples.DoomFire.csproj", "{13296A87-1CF6-449E-9FFD-58AD34C99541}"
EndProject
Project("{9A19103F-16F7-4668-BE54-9A1E7A4F7556}") = "Blazorex.Samples.SimpleCanvas", "..\samples\Blazorex.Samples.SimpleCanvas\Blazorex.Samples.SimpleCanvas.csproj", "{373C72A6-BF2D-432F-A0AD-74854E275BC3}"
EndProject
Project("{9A19103F-16F7-4668-BE54-9A1E7A4F7556}") = "Blazorex.Samples.MouseCoords", "..\samples\Blazorex.Samples.MouseCoords\Blazorex.Samples.MouseCoords.csproj", "{562CE073-1AF6-4E33-B84D-2C078E0F05EC}"
EndProject
Project("{FAE04EC0-301F-11D3-BF4B-00C04F79EFBC}") = "Blazorex.Samples.PanAndZoom", "..\samples\Blazorex.Samples.PanAndZoom\Blazorex.Samples.PanAndZoom.csproj", "{A3C12542-ACDA-4FEE-A254-60B6749BFC91}"
EndProject
Project("{FAE04EC0-301F-11D3-BF4B-00C04F79EFBC}") = "Blazorex.Samples.ResizeCanvas", "..\samples\Blazorex.Samples.ResizeCanvas\Blazorex.Samples.ResizeCanvas.csproj", "{AA607514-BFF9-486B-4FF6-BAC7A416FB89}"
EndProject
Project("{FAE04EC0-301F-11D3-BF4B-00C04F79EFBC}") = "Blazorex.Samples.FallingBlocks", "..\samples\Blazorex.Samples.FallingBlocks\Blazorex.Samples.FallingBlocks.csproj", "{91ECBD77-F241-D001-7251-361EBDFF7ECE}"
EndProject
Global
	GlobalSection(SolutionConfigurationPlatforms) = preSolution
		Debug|Any CPU = Debug|Any CPU
		Release|Any CPU = Release|Any CPU
	EndGlobalSection
	GlobalSection(ProjectConfigurationPlatforms) = postSolution
		{6A802B2C-969E-4033-A329-AC486E5C9731}.Debug|Any CPU.ActiveCfg = Debug|Any CPU
		{6A802B2C-969E-4033-A329-AC486E5C9731}.Debug|Any CPU.Build.0 = Debug|Any CPU
		{6A802B2C-969E-4033-A329-AC486E5C9731}.Release|Any CPU.ActiveCfg = Release|Any CPU
		{6A802B2C-969E-4033-A329-AC486E5C9731}.Release|Any CPU.Build.0 = Release|Any CPU
		{13296A87-1CF6-449E-9FFD-58AD34C99541}.Debug|Any CPU.ActiveCfg = Debug|Any CPU
		{13296A87-1CF6-449E-9FFD-58AD34C99541}.Debug|Any CPU.Build.0 = Debug|Any CPU
		{13296A87-1CF6-449E-9FFD-58AD34C99541}.Release|Any CPU.ActiveCfg = Release|Any CPU
		{13296A87-1CF6-449E-9FFD-58AD34C99541}.Release|Any CPU.Build.0 = Release|Any CPU
		{373C72A6-BF2D-432F-A0AD-74854E275BC3}.Debug|Any CPU.ActiveCfg = Debug|Any CPU
		{373C72A6-BF2D-432F-A0AD-74854E275BC3}.Debug|Any CPU.Build.0 = Debug|Any CPU
		{373C72A6-BF2D-432F-A0AD-74854E275BC3}.Release|Any CPU.ActiveCfg = Release|Any CPU
		{373C72A6-BF2D-432F-A0AD-74854E275BC3}.Release|Any CPU.Build.0 = Release|Any CPU
		{562CE073-1AF6-4E33-B84D-2C078E0F05EC}.Debug|Any CPU.ActiveCfg = Debug|Any CPU
		{562CE073-1AF6-4E33-B84D-2C078E0F05EC}.Debug|Any CPU.Build.0 = Debug|Any CPU
		{562CE073-1AF6-4E33-B84D-2C078E0F05EC}.Release|Any CPU.ActiveCfg = Release|Any CPU
		{562CE073-1AF6-4E33-B84D-2C078E0F05EC}.Release|Any CPU.Build.0 = Release|Any CPU
		{A3C12542-ACDA-4FEE-A254-60B6749BFC91}.Debug|Any CPU.ActiveCfg = Debug|Any CPU
		{A3C12542-ACDA-4FEE-A254-60B6749BFC91}.Debug|Any CPU.Build.0 = Debug|Any CPU
		{A3C12542-ACDA-4FEE-A254-60B6749BFC91}.Release|Any CPU.ActiveCfg = Release|Any CPU
		{A3C12542-ACDA-4FEE-A254-60B6749BFC91}.Release|Any CPU.Build.0 = Release|Any CPU
		{AA607514-BFF9-486B-4FF6-BAC7A416FB89}.Debug|Any CPU.ActiveCfg = Debug|Any CPU
		{AA607514-BFF9-486B-4FF6-BAC7A416FB89}.Debug|Any CPU.Build.0 = Debug|Any CPU
		{AA607514-BFF9-486B-4FF6-BAC7A416FB89}.Release|Any CPU.ActiveCfg = Release|Any CPU
		{AA607514-BFF9-486B-4FF6-BAC7A416FB89}.Release|Any CPU.Build.0 = Release|Any CPU
		{91ECBD77-F241-D001-7251-361EBDFF7ECE}.Debug|Any CPU.ActiveCfg = Debug|Any CPU
		{91ECBD77-F241-D001-7251-361EBDFF7ECE}.Debug|Any CPU.Build.0 = Debug|Any CPU
		{91ECBD77-F241-D001-7251-361EBDFF7ECE}.Release|Any CPU.ActiveCfg = Release|Any CPU
		{91ECBD77-F241-D001-7251-361EBDFF7ECE}.Release|Any CPU.Build.0 = Release|Any CPU
	EndGlobalSection
	GlobalSection(SolutionProperties) = preSolution
		HideSolutionNode = FALSE
	EndGlobalSection
	GlobalSection(NestedProjects) = preSolution
		{13296A87-1CF6-449E-9FFD-58AD34C99541} = {3408A794-4D16-405A-9F9E-1C2CE4BD8BEB}
		{373C72A6-BF2D-432F-A0AD-74854E275BC3} = {3408A794-4D16-405A-9F9E-1C2CE4BD8BEB}
		{562CE073-1AF6-4E33-B84D-2C078E0F05EC} = {3408A794-4D16-405A-9F9E-1C2CE4BD8BEB}
		{A3C12542-ACDA-4FEE-A254-60B6749BFC91} = {3408A794-4D16-405A-9F9E-1C2CE4BD8BEB}
		{AA607514-BFF9-486B-4FF6-BAC7A416FB89} = {3408A794-4D16-405A-9F9E-1C2CE4BD8BEB}
		{91ECBD77-F241-D001-7251-361EBDFF7ECE} = {3408A794-4D16-405A-9F9E-1C2CE4BD8BEB}
	EndGlobalSection
	GlobalSection(ExtensibilityGlobals) = postSolution
		SolutionGuid = {4E38A4B6-BFE1-4015-B014-748F68320AC4}
	EndGlobalSection
EndGlobal
