
Microsoft Visual Studio Solution File, Format Version 12.00
# Visual Studio Version 17
VisualStudioVersion = 17.3.32901.215
MinimumVisualStudioVersion = 10.0.40219.1
Project("{9A19103F-16F7-4668-BE54-9A1E7A4F7556}") = "Blazorex", "Blazorex\Blazorex.csproj", "{6A802B2C-969E-4033-A329-AC486E5C9731}"
EndProject
Project("{FAE04EC0-301F-11D3-BF4B-00C04F79EFBC}") = "Blazorex.Samples", "Blazorex.Samples\Blazorex.Samples.csproj", "{BB56658A-DD9D-4810-97BB-9833B2FF94F5}"
EndProject
Global
	GlobalSection(SolutionConfigurationPlatforms) = preSolution
		Debug|Any CPU = Debug|Any CPU
		Release|Any CPU = Release|Any CPU
	EndGlobalSection
	GlobalSection(ProjectConfigurationPlatforms) = postSolution
		{6A802B2C-969E-4033-A329-AC486E5C9731}.Debug|Any CPU.ActiveCfg = Debug|Any CPU
		{6A802B2C-969E-4033-A329-AC486E5C9731}.Debug|Any CPU.Build.0 = Debug|Any CPU
		{6A802B2C-969E-4033-A329-AC486E5C9731}.Release|Any CPU.ActiveCfg = Release|Any CPU
		{6A802B2C-969E-4033-A329-AC486E5C9731}.Release|Any CPU.Build.0 = Release|Any CPU
		{BB56658A-DD9D-4810-97BB-9833B2FF94F5}.Debug|Any CPU.ActiveCfg = Debug|Any CPU
		{BB56658A-DD9D-4810-97BB-9833B2FF94F5}.Debug|Any CPU.Build.0 = Debug|Any CPU
		{BB56658A-DD9D-4810-97BB-9833B2FF94F5}.Release|Any CPU.ActiveCfg = Release|Any CPU
		{BB56658A-DD9D-4810-97BB-9833B2FF94F5}.Release|Any CPU.Build.0 = Release|Any CPU
	EndGlobalSection
	GlobalSection(SolutionProperties) = preSolution
		HideSolutionNode = FALSE
	EndGlobalSection
	GlobalSection(ExtensibilityGlobals) = postSolution
		SolutionGuid = {4E38A4B6-BFE1-4015-B014-748F68320AC4}
	EndGlobalSection
EndGlobal
